Microsoft Visual Studio Solution File, Format Version 12.00
# Visual Studio Version 17
VisualStudioVersion = 17.5.2.0
MinimumVisualStudioVersion = 10.0.40219.1
Project("{FAE04EC0-301F-11D3-BF4B-00C04F79EFBC}") = "PostureCorrector", "PostureCorrector.csproj", "{13984AC8-D625-EA7D-8212-6F99FDC123F0}"
EndProject
Global
	GlobalSection(SolutionConfigurationPlatforms) = preSolution
		Debug|Any CPU = Debug|Any CPU
		Release|Any CPU = Release|Any CPU
	EndGlobalSection
	GlobalSection(ProjectConfigurationPlatforms) = postSolution
		{13984AC8-D625-EA7D-8212-6F99FDC123F0}.Debug|Any CPU.ActiveCfg = Debug|Any CPU
		{13984AC8-D625-EA7D-8212-6F99FDC123F0}.Debug|Any CPU.Build.0 = Debug|Any CPU
		{13984AC8-D625-EA7D-8212-6F99FDC123F0}.Release|Any CPU.ActiveCfg = Release|Any CPU
		{13984AC8-D625-EA7D-8212-6F99FDC123F0}.Release|Any CPU.Build.0 = Release|Any CPU
	EndGlobalSection
	GlobalSection(SolutionProperties) = preSolution
		HideSolutionNode = FALSE
	EndGlobalSection
	GlobalSection(ExtensibilityGlobals) = postSolution
		SolutionGuid = {CFEF4B28-3170-4DFF-9F3F-64D6A3992EBC}
	EndGlobalSection
EndGlobal
